// !$*UTF8*$!
{
	archiveVersion = 1;
	classes = {
	};
	objectVersion = 56;
	objects = {

/* Begin PBXBuildFile section */
		C4193BEA2ABF539B000D1E3F /* Register.swift in Sources */ = {isa = PBXBuildFile; fileRef = C4193BE92ABF539B000D1E3F /* Register.swift */; };
		C4193BED2ABF56D2000D1E3F /* Color.swift in Sources */ = {isa = PBXBuildFile; fileRef = C4193BEC2ABF56D2000D1E3F /* Color.swift */; };
		C4193BF92ABF60DA000D1E3F /* Note.swift in Sources */ = {isa = PBXBuildFile; fileRef = C4193BF82ABF60DA000D1E3F /* Note.swift */; };
		C4193BFC2ABF623F000D1E3F /* NotesListView.swift in Sources */ = {isa = PBXBuildFile; fileRef = C4193BFB2ABF623F000D1E3F /* NotesListView.swift */; };
		C4193BFE2ABF627F000D1E3F /* NoteDetailView.swift in Sources */ = {isa = PBXBuildFile; fileRef = C4193BFD2ABF627F000D1E3F /* NoteDetailView.swift */; };
		C4193C002ABF62BC000D1E3F /* AddNotesView.swift in Sources */ = {isa = PBXBuildFile; fileRef = C4193BFF2ABF62BB000D1E3F /* AddNotesView.swift */; };
		C4193C022ABF6629000D1E3F /* ContentView.swift in Sources */ = {isa = PBXBuildFile; fileRef = C4193C012ABF6629000D1E3F /* ContentView.swift */; };
		C44DBC8C2ABBD83D00554EB0 /* AppNotasApp.swift in Sources */ = {isa = PBXBuildFile; fileRef = C44DBC8B2ABBD83D00554EB0 /* AppNotasApp.swift */; };
		C44DBC8E2ABBD83D00554EB0 /* Login.swift in Sources */ = {isa = PBXBuildFile; fileRef = C44DBC8D2ABBD83D00554EB0 /* Login.swift */; };
		C44DBC902ABBD83F00554EB0 /* Assets.xcassets in Resources */ = {isa = PBXBuildFile; fileRef = C44DBC8F2ABBD83F00554EB0 /* Assets.xcassets */; };
		C44DBC932ABBD83F00554EB0 /* Preview Assets.xcassets in Resources */ = {isa = PBXBuildFile; fileRef = C44DBC922ABBD83F00554EB0 /* Preview Assets.xcassets */; };
/* End PBXBuildFile section */

/* Begin PBXFileReference section */
		C4193BE92ABF539B000D1E3F /* Register.swift */ = {isa = PBXFileReference; lastKnownFileType = sourcecode.swift; path = Register.swift; sourceTree = "<group>"; };
		C4193BEC2ABF56D2000D1E3F /* Color.swift */ = {isa = PBXFileReference; lastKnownFileType = sourcecode.swift; path = Color.swift; sourceTree = "<group>"; };
		C4193BF82ABF60DA000D1E3F /* Note.swift */ = {isa = PBXFileReference; lastKnownFileType = sourcecode.swift; path = Note.swift; sourceTree = "<group>"; };
		C4193BFB2ABF623F000D1E3F /* NotesListView.swift */ = {isa = PBXFileReference; lastKnownFileType = sourcecode.swift; path = NotesListView.swift; sourceTree = "<group>"; };
		C4193BFD2ABF627F000D1E3F /* NoteDetailView.swift */ = {isa = PBXFileReference; lastKnownFileType = sourcecode.swift; path = NoteDetailView.swift; sourceTree = "<group>"; };
		C4193BFF2ABF62BB000D1E3F /* AddNotesView.swift */ = {isa = PBXFileReference; lastKnownFileType = sourcecode.swift; path = AddNotesView.swift; sourceTree = "<group>"; };
		C4193C012ABF6629000D1E3F /* ContentView.swift */ = {isa = PBXFileReference; lastKnownFileType = sourcecode.swift; path = ContentView.swift; sourceTree = "<group>"; };
		C44DBC882ABBD83D00554EB0 /* AppNotas.app */ = {isa = PBXFileReference; explicitFileType = wrapper.application; includeInIndex = 0; path = AppNotas.app; sourceTree = BUILT_PRODUCTS_DIR; };
		C44DBC8B2ABBD83D00554EB0 /* AppNotasApp.swift */ = {isa = PBXFileReference; lastKnownFileType = sourcecode.swift; path = AppNotasApp.swift; sourceTree = "<group>"; };
		C44DBC8D2ABBD83D00554EB0 /* Login.swift */ = {isa = PBXFileReference; lastKnownFileType = sourcecode.swift; path = Login.swift; sourceTree = "<group>"; };
		C44DBC8F2ABBD83F00554EB0 /* Assets.xcassets */ = {isa = PBXFileReference; lastKnownFileType = folder.assetcatalog; path = Assets.xcassets; sourceTree = "<group>"; };
		C44DBC922ABBD83F00554EB0 /* Preview Assets.xcassets */ = {isa = PBXFileReference; lastKnownFileType = folder.assetcatalog; path = "Preview Assets.xcassets"; sourceTree = "<group>"; };
/* End PBXFileReference section */

/* Begin PBXFrameworksBuildPhase section */
		C44DBC852ABBD83D00554EB0 /* Frameworks */ = {
			isa = PBXFrameworksBuildPhase;
			buildActionMask = 2147483647;
			files = (
			);
			runOnlyForDeploymentPostprocessing = 0;
		};
/* End PBXFrameworksBuildPhase section */

/* Begin PBXGroup section */
		C4193BE22ABDE281000D1E3F /* Login */ = {
			isa = PBXGroup;
			children = (
				C44DBC8D2ABBD83D00554EB0 /* Login.swift */,
			);
			path = Login;
			sourceTree = "<group>";
		};
		C4193BEB2ABF5684000D1E3F /* Utils */ = {
			isa = PBXGroup;
			children = (
				C4193BEC2ABF56D2000D1E3F /* Color.swift */,
			);
			path = Utils;
			sourceTree = "<group>";
		};
		C4193BF72ABF60C7000D1E3F /* Model */ = {
			isa = PBXGroup;
			children = (
				C4193BF82ABF60DA000D1E3F /* Note.swift */,
			);
			path = Model;
			sourceTree = "<group>";
		};
		C4193BFA2ABF61EC000D1E3F /* Regiter */ = {
			isa = PBXGroup;
			children = (
				C4193BE92ABF539B000D1E3F /* Register.swift */,
			);
			path = Regiter;
			sourceTree = "<group>";
		};
		C44DBC7F2ABBD83D00554EB0 = {
			isa = PBXGroup;
			children = (
				C44DBC8A2ABBD83D00554EB0 /* AppNotas */,
				C44DBC892ABBD83D00554EB0 /* Products */,
			);
			sourceTree = "<group>";
		};
		C44DBC892ABBD83D00554EB0 /* Products */ = {
			isa = PBXGroup;
			children = (
				C44DBC882ABBD83D00554EB0 /* AppNotas.app */,
			);
			name = Products;
			sourceTree = "<group>";
		};
		C44DBC8A2ABBD83D00554EB0 /* AppNotas */ = {
			isa = PBXGroup;
			children = (
				C4193BF72ABF60C7000D1E3F /* Model */,
				C4193BEB2ABF5684000D1E3F /* Utils */,
				C4193BE22ABDE281000D1E3F /* Login */,
				C4193BFA2ABF61EC000D1E3F /* Regiter */,
				C44DBC8B2ABBD83D00554EB0 /* AppNotasApp.swift */,
				C4193C012ABF6629000D1E3F /* ContentView.swift */,
				C44DBC8F2ABBD83F00554EB0 /* Assets.xcassets */,
				C44DBC912ABBD83F00554EB0 /* Preview Content */,
				C4193BFB2ABF623F000D1E3F /* NotesListView.swift */,
				C4193BFD2ABF627F000D1E3F /* NoteDetailView.swift */,
				C4193BFF2ABF62BB000D1E3F /* AddNotesView.swift */,
			);
			path = AppNotas;
			sourceTree = "<group>";
		};
		C44DBC912ABBD83F00554EB0 /* Preview Content */ = {
			isa = PBXGroup;
			children = (
				C44DBC922ABBD83F00554EB0 /* Preview Assets.xcassets */,
			);
			path = "Preview Content";
			sourceTree = "<group>";
		};
/* End PBXGroup section */

/* Begin PBXNativeTarget section */
		C44DBC872ABBD83D00554EB0 /* AppNotas */ = {
			isa = PBXNativeTarget;
			buildConfigurationList = C44DBC962ABBD83F00554EB0 /* Build configuration list for PBXNativeTarget "AppNotas" */;
			buildPhases = (
				C44DBC842ABBD83D00554EB0 /* Sources */,
				C44DBC852ABBD83D00554EB0 /* Frameworks */,
				C44DBC862ABBD83D00554EB0 /* Resources */,
			);
			buildRules = (
			);
			dependencies = (
			);
			name = AppNotas;
			productName = AppNotas;
			productReference = C44DBC882ABBD83D00554EB0 /* AppNotas.app */;
			productType = "com.apple.product-type.application";
		};
/* End PBXNativeTarget section */

/* Begin PBXProject section */
		C44DBC802ABBD83D00554EB0 /* Project object */ = {
			isa = PBXProject;
			attributes = {
				BuildIndependentTargetsInParallel = 1;
				LastSwiftUpdateCheck = 1430;
				LastUpgradeCheck = 1430;
				TargetAttributes = {
					C44DBC872ABBD83D00554EB0 = {
						CreatedOnToolsVersion = 14.3.1;
					};
				};
			};
			buildConfigurationList = C44DBC832ABBD83D00554EB0 /* Build configuration list for PBXProject "AppNotas" */;
			compatibilityVersion = "Xcode 14.0";
			developmentRegion = en;
			hasScannedForEncodings = 0;
			knownRegions = (
				en,
				Base,
			);
			mainGroup = C44DBC7F2ABBD83D00554EB0;
			productRefGroup = C44DBC892ABBD83D00554EB0 /* Products */;
			projectDirPath = "";
			projectRoot = "";
			targets = (
				C44DBC872ABBD83D00554EB0 /* AppNotas */,
			);
		};
/* End PBXProject section */

/* Begin PBXResourcesBuildPhase section */
		C44DBC862ABBD83D00554EB0 /* Resources */ = {
			isa = PBXResourcesBuildPhase;
			buildActionMask = 2147483647;
			files = (
				C44DBC932ABBD83F00554EB0 /* Preview Assets.xcassets in Resources */,
				C44DBC902ABBD83F00554EB0 /* Assets.xcassets in Resources */,
			);
			runOnlyForDeploymentPostprocessing = 0;
		};
/* End PBXResourcesBuildPhase section */

/* Begin PBXSourcesBuildPhase section */
		C44DBC842ABBD83D00554EB0 /* Sources */ = {
			isa = PBXSourcesBuildPhase;
			buildActionMask = 2147483647;
			files = (
				C4193BF92ABF60DA000D1E3F /* Note.swift in Sources */,
				C4193BEA2ABF539B000D1E3F /* Register.swift in Sources */,
				C4193C002ABF62BC000D1E3F /* AddNotesView.swift in Sources */,
				C4193BED2ABF56D2000D1E3F /* Color.swift in Sources */,
				C44DBC8E2ABBD83D00554EB0 /* Login.swift in Sources */,
				C4193C022ABF6629000D1E3F /* ContentView.swift in Sources */,
				C4193BFC2ABF623F000D1E3F /* NotesListView.swift in Sources */,
				C44DBC8C2ABBD83D00554EB0 /* AppNotasApp.swift in Sources */,
				C4193BFE2ABF627F000D1E3F /* NoteDetailView.swift in Sources */,
			);
			runOnlyForDeploymentPostprocessing = 0;
		};
/* End PBXSourcesBuildPhase section */

/* Begin XCBuildConfiguration section */
		C44DBC942ABBD83F00554EB0 /* Debug */ = {
			isa = XCBuildConfiguration;
			buildSettings = {
				ALWAYS_SEARCH_USER_PATHS = NO;
				CLANG_ANALYZER_NONNULL = YES;
				CLANG_ANALYZER_NUMBER_OBJECT_CONVERSION = YES_AGGRESSIVE;
				CLANG_CXX_LANGUAGE_STANDARD = "gnu++20";
				CLANG_ENABLE_MODULES = YES;
				CLANG_ENABLE_OBJC_ARC = YES;
				CLANG_ENABLE_OBJC_WEAK = YES;
				CLANG_WARN_BLOCK_CAPTURE_AUTORELEASING = YES;
				CLANG_WARN_BOOL_CONVERSION = YES;
				CLANG_WARN_COMMA = YES;
				CLANG_WARN_CONSTANT_CONVERSION = YES;
				CLANG_WARN_DEPRECATED_OBJC_IMPLEMENTATIONS = YES;
				CLANG_WARN_DIRECT_OBJC_ISA_USAGE = YES_ERROR;
				CLANG_WARN_DOCUMENTATION_COMMENTS = YES;
				CLANG_WARN_EMPTY_BODY = YES;
				CLANG_WARN_ENUM_CONVERSION = YES;
				CLANG_WARN_INFINITE_RECURSION = YES;
				CLANG_WARN_INT_CONVERSION = YES;
				CLANG_WARN_NON_LITERAL_NULL_CONVERSION = YES;
				CLANG_WARN_OBJC_IMPLICIT_RETAIN_SELF = YES;
				CLANG_WARN_OBJC_LITERAL_CONVERSION = YES;
				CLANG_WARN_OBJC_ROOT_CLASS = YES_ERROR;
				CLANG_WARN_QUOTED_INCLUDE_IN_FRAMEWORK_HEADER = YES;
				CLANG_WARN_RANGE_LOOP_ANALYSIS = YES;
				CLANG_WARN_STRICT_PROTOTYPES = YES;
				CLANG_WARN_SUSPICIOUS_MOVE = YES;
				CLANG_WARN_UNGUARDED_AVAILABILITY = YES_AGGRESSIVE;
				CLANG_WARN_UNREACHABLE_CODE = YES;
				CLANG_WARN__DUPLICATE_METHOD_MATCH = YES;
				COPY_PHASE_STRIP = NO;
				DEBUG_INFORMATION_FORMAT = dwarf;
				ENABLE_STRICT_OBJC_MSGSEND = YES;
				ENABLE_TESTABILITY = YES;
				GCC_C_LANGUAGE_STANDARD = gnu11;
				GCC_DYNAMIC_NO_PIC = NO;
				GCC_NO_COMMON_BLOCKS = YES;
				GCC_OPTIMIZATION_LEVEL = 0;
				GCC_PREPROCESSOR_DEFINITIONS = (
					"DEBUG=1",
					"$(inherited)",
				);
				GCC_WARN_64_TO_32_BIT_CONVERSION = YES;
				GCC_WARN_ABOUT_RETURN_TYPE = YES_ERROR;
				GCC_WARN_UNDECLARED_SELECTOR = YES;
				GCC_WARN_UNINITIALIZED_AUTOS = YES_AGGRESSIVE;
				GCC_WARN_UNUSED_FUNCTION = YES;
				GCC_WARN_UNUSED_VARIABLE = YES;
				IPHONEOS_DEPLOYMENT_TARGET = 17.0;
				MTL_ENABLE_DEBUG_INFO = INCLUDE_SOURCE;
				MTL_FAST_MATH = YES;
				ONLY_ACTIVE_ARCH = YES;
				SDKROOT = iphoneos;
				SWIFT_ACTIVE_COMPILATION_CONDITIONS = DEBUG;
				SWIFT_OPTIMIZATION_LEVEL = "-Onone";
			};
			name = Debug;
		};
		C44DBC952ABBD83F00554EB0 /* Release */ = {
			isa = XCBuildConfiguration;
			buildSettings = {
				ALWAYS_SEARCH_USER_PATHS = NO;
				CLANG_ANALYZER_NONNULL = YES;
				CLANG_ANALYZER_NUMBER_OBJECT_CONVERSION = YES_AGGRESSIVE;
				CLANG_CXX_LANGUAGE_STANDARD = "gnu++20";
				CLANG_ENABLE_MODULES = YES;
				CLANG_ENABLE_OBJC_ARC = YES;
				CLANG_ENABLE_OBJC_WEAK = YES;
				CLANG_WARN_BLOCK_CAPTURE_AUTORELEASING = YES;
				CLANG_WARN_BOOL_CONVERSION = YES;
				CLANG_WARN_COMMA = YES;
				CLANG_WARN_CONSTANT_CONVERSION = YES;
				CLANG_WARN_DEPRECATED_OBJC_IMPLEMENTATIONS = YES;
				CLANG_WARN_DIRECT_OBJC_ISA_USAGE = YES_ERROR;
				CLANG_WARN_DOCUMENTATION_COMMENTS = YES;
				CLANG_WARN_EMPTY_BODY = YES;
				CLANG_WARN_ENUM_CONVERSION = YES;
				CLANG_WARN_INFINITE_RECURSION = YES;
				CLANG_WARN_INT_CONVERSION = YES;
				CLANG_WARN_NON_LITERAL_NULL_CONVERSION = YES;
				CLANG_WARN_OBJC_IMPLICIT_RETAIN_SELF = YES;
				CLANG_WARN_OBJC_LITERAL_CONVERSION = YES;
				CLANG_WARN_OBJC_ROOT_CLASS = YES_ERROR;
				CLANG_WARN_QUOTED_INCLUDE_IN_FRAMEWORK_HEADER = YES;
				CLANG_WARN_RANGE_LOOP_ANALYSIS = YES;
				CLANG_WARN_STRICT_PROTOTYPES = YES;
				CLANG_WARN_SUSPICIOUS_MOVE = YES;
				CLANG_WARN_UNGUARDED_AVAILABILITY = YES_AGGRESSIVE;
				CLANG_WARN_UNREACHABLE_CODE = YES;
				CLANG_WARN__DUPLICATE_METHOD_MATCH = YES;
				COPY_PHASE_STRIP = NO;
				DEBUG_INFORMATION_FORMAT = "dwarf-with-dsym";
				ENABLE_NS_ASSERTIONS = NO;
				ENABLE_STRICT_OBJC_MSGSEND = YES;
				GCC_C_LANGUAGE_STANDARD = gnu11;
				GCC_NO_COMMON_BLOCKS = YES;
				GCC_WARN_64_TO_32_BIT_CONVERSION = YES;
				GCC_WARN_ABOUT_RETURN_TYPE = YES_ERROR;
				GCC_WARN_UNDECLARED_SELECTOR = YES;
				GCC_WARN_UNINITIALIZED_AUTOS = YES_AGGRESSIVE;
				GCC_WARN_UNUSED_FUNCTION = YES;
				GCC_WARN_UNUSED_VARIABLE = YES;
				IPHONEOS_DEPLOYMENT_TARGET = 17.0;
				MTL_ENABLE_DEBUG_INFO = NO;
				MTL_FAST_MATH = YES;
				SDKROOT = iphoneos;
				SWIFT_COMPILATION_MODE = wholemodule;
				SWIFT_OPTIMIZATION_LEVEL = "-O";
				VALIDATE_PRODUCT = YES;
			};
			name = Release;
		};
		C44DBC972ABBD83F00554EB0 /* Debug */ = {
			isa = XCBuildConfiguration;
			buildSettings = {
				ASSETCATALOG_COMPILER_APPICON_NAME = AppIcon;
				ASSETCATALOG_COMPILER_GLOBAL_ACCENT_COLOR_NAME = AccentColor;
				CODE_SIGN_STYLE = Automatic;
				CURRENT_PROJECT_VERSION = 1;
				DEVELOPMENT_ASSET_PATHS = "\"AppNotas/Preview Content\"";
				ENABLE_PREVIEWS = YES;
				GENERATE_INFOPLIST_FILE = YES;
				INFOPLIST_KEY_UIApplicationSceneManifest_Generation = YES;
				INFOPLIST_KEY_UIApplicationSupportsIndirectInputEvents = YES;
				INFOPLIST_KEY_UILaunchScreen_Generation = YES;
				INFOPLIST_KEY_UISupportedInterfaceOrientations_iPad = "UIInterfaceOrientationPortrait UIInterfaceOrientationPortraitUpsideDown UIInterfaceOrientationLandscapeLeft UIInterfaceOrientationLandscapeRight";
				INFOPLIST_KEY_UISupportedInterfaceOrientations_iPhone = "UIInterfaceOrientationPortrait UIInterfaceOrientationLandscapeLeft UIInterfaceOrientationLandscapeRight";
				LD_RUNPATH_SEARCH_PATHS = (
					"$(inherited)",
					"@executable_path/Frameworks",
				);
				MARKETING_VERSION = 1.0;
				PRODUCT_BUNDLE_IDENTIFIER = GabrielMors.AppNotas;
				PRODUCT_NAME = "$(TARGET_NAME)";
				SWIFT_EMIT_LOC_STRINGS = YES;
				SWIFT_VERSION = 5.0;
				TARGETED_DEVICE_FAMILY = "1,2";
			};
			name = Debug;
		};
		C44DBC982ABBD83F00554EB0 /* Release */ = {
			isa = XCBuildConfiguration;
			buildSettings = {
				ASSETCATALOG_COMPILER_APPICON_NAME = AppIcon;
				ASSETCATALOG_COMPILER_GLOBAL_ACCENT_COLOR_NAME = AccentColor;
				CODE_SIGN_STYLE = Automatic;
				CURRENT_PROJECT_VERSION = 1;
				DEVELOPMENT_ASSET_PATHS = "\"AppNotas/Preview Content\"";
				ENABLE_PREVIEWS = YES;
				GENERATE_INFOPLIST_FILE = YES;
				INFOPLIST_KEY_UIApplicationSceneManifest_Generation = YES;
				INFOPLIST_KEY_UIApplicationSupportsIndirectInputEvents = YES;
				INFOPLIST_KEY_UILaunchScreen_Generation = YES;
				INFOPLIST_KEY_UISupportedInterfaceOrientations_iPad = "UIInterfaceOrientationPortrait UIInterfaceOrientationPortraitUpsideDown UIInterfaceOrientationLandscapeLeft UIInterfaceOrientationLandscapeRight";
				INFOPLIST_KEY_UISupportedInterfaceOrientations_iPhone = "UIInterfaceOrientationPortrait UIInterfaceOrientationLandscapeLeft UIInterfaceOrientationLandscapeRight";
				LD_RUNPATH_SEARCH_PATHS = (
					"$(inherited)",
					"@executable_path/Frameworks",
				);
				MARKETING_VERSION = 1.0;
				PRODUCT_BUNDLE_IDENTIFIER = GabrielMors.AppNotas;
				PRODUCT_NAME = "$(TARGET_NAME)";
				SWIFT_EMIT_LOC_STRINGS = YES;
				SWIFT_VERSION = 5.0;
				TARGETED_DEVICE_FAMILY = "1,2";
			};
			name = Release;
		};
/* End XCBuildConfiguration section */

/* Begin XCConfigurationList section */
		C44DBC832ABBD83D00554EB0 /* Build configuration list for PBXProject "AppNotas" */ = {
			isa = XCConfigurationList;
			buildConfigurations = (
				C44DBC942ABBD83F00554EB0 /* Debug */,
				C44DBC952ABBD83F00554EB0 /* Release */,
			);
			defaultConfigurationIsVisible = 0;
			defaultConfigurationName = Release;
		};
		C44DBC962ABBD83F00554EB0 /* Build configuration list for PBXNativeTarget "AppNotas" */ = {
			isa = XCConfigurationList;
			buildConfigurations = (
				C44DBC972ABBD83F00554EB0 /* Debug */,
				C44DBC982ABBD83F00554EB0 /* Release */,
			);
			defaultConfigurationIsVisible = 0;
			defaultConfigurationName = Release;
		};
/* End XCConfigurationList section */
	};
	rootObject = C44DBC802ABBD83D00554EB0 /* Project object */;
}
