// !$*UTF8*$!
{
	archiveVersion = 1;
	classes = {
	};
	objectVersion = 56;
	objects = {

/* Begin PBXBuildFile section */
		037ABFBE2ABF749600EFD475 /* GoogleService-Info.plist in Resources */ = {isa = PBXBuildFile; fileRef = 037ABFBD2ABF749600EFD475 /* GoogleService-Info.plist */; };
		037ABFC12ABF752800EFD475 /* FirebaseAnalytics in Frameworks */ = {isa = PBXBuildFile; productRef = 037ABFC02ABF752800EFD475 /* FirebaseAnalytics */; };
		037ABFC32ABF752800EFD475 /* FirebaseAnalyticsOnDeviceConversion in Frameworks */ = {isa = PBXBuildFile; productRef = 037ABFC22ABF752800EFD475 /* FirebaseAnalyticsOnDeviceConversion */; };
		037ABFC52ABF752800EFD475 /* FirebaseAnalyticsSwift in Frameworks */ = {isa = PBXBuildFile; productRef = 037ABFC42ABF752800EFD475 /* FirebaseAnalyticsSwift */; };
		037ABFC72ABF752800EFD475 /* FirebaseAnalyticsWithoutAdIdSupport in Frameworks */ = {isa = PBXBuildFile; productRef = 037ABFC62ABF752800EFD475 /* FirebaseAnalyticsWithoutAdIdSupport */; };
		037ABFC92ABF752800EFD475 /* FirebaseAppCheck in Frameworks */ = {isa = PBXBuildFile; productRef = 037ABFC82ABF752800EFD475 /* FirebaseAppCheck */; };
		037ABFCB2ABF752800EFD475 /* FirebaseAppDistribution-Beta in Frameworks */ = {isa = PBXBuildFile; productRef = 037ABFCA2ABF752800EFD475 /* FirebaseAppDistribution-Beta */; };
		037ABFCD2ABF752800EFD475 /* FirebaseAuth in Frameworks */ = {isa = PBXBuildFile; productRef = 037ABFCC2ABF752800EFD475 /* FirebaseAuth */; };
		037ABFCF2ABF752800EFD475 /* FirebaseAuthCombine-Community in Frameworks */ = {isa = PBXBuildFile; productRef = 037ABFCE2ABF752800EFD475 /* FirebaseAuthCombine-Community */; };
		037ABFD12ABF752800EFD475 /* FirebaseCrashlytics in Frameworks */ = {isa = PBXBuildFile; productRef = 037ABFD02ABF752800EFD475 /* FirebaseCrashlytics */; };
		037ABFD32ABF752800EFD475 /* FirebaseDatabase in Frameworks */ = {isa = PBXBuildFile; productRef = 037ABFD22ABF752800EFD475 /* FirebaseDatabase */; };
		037ABFD52ABF752800EFD475 /* FirebaseDatabaseSwift in Frameworks */ = {isa = PBXBuildFile; productRef = 037ABFD42ABF752800EFD475 /* FirebaseDatabaseSwift */; };
		037ABFD72ABF752800EFD475 /* FirebaseDynamicLinks in Frameworks */ = {isa = PBXBuildFile; productRef = 037ABFD62ABF752800EFD475 /* FirebaseDynamicLinks */; };
		037ABFD92ABF752800EFD475 /* FirebaseFirestore in Frameworks */ = {isa = PBXBuildFile; productRef = 037ABFD82ABF752800EFD475 /* FirebaseFirestore */; };
		037ABFDB2ABF752800EFD475 /* FirebaseFirestoreCombine-Community in Frameworks */ = {isa = PBXBuildFile; productRef = 037ABFDA2ABF752800EFD475 /* FirebaseFirestoreCombine-Community */; };
		037ABFDD2ABF752800EFD475 /* FirebaseFirestoreSwift in Frameworks */ = {isa = PBXBuildFile; productRef = 037ABFDC2ABF752800EFD475 /* FirebaseFirestoreSwift */; };
		037ABFDF2ABF752800EFD475 /* FirebaseFunctions in Frameworks */ = {isa = PBXBuildFile; productRef = 037ABFDE2ABF752800EFD475 /* FirebaseFunctions */; };
		037ABFE12ABF752800EFD475 /* FirebaseFunctionsCombine-Community in Frameworks */ = {isa = PBXBuildFile; productRef = 037ABFE02ABF752800EFD475 /* FirebaseFunctionsCombine-Community */; };
		037ABFE32ABF752800EFD475 /* FirebaseInAppMessagingSwift-Beta in Frameworks */ = {isa = PBXBuildFile; productRef = 037ABFE22ABF752800EFD475 /* FirebaseInAppMessagingSwift-Beta */; };
		037ABFE52ABF752800EFD475 /* FirebaseInstallations in Frameworks */ = {isa = PBXBuildFile; productRef = 037ABFE42ABF752800EFD475 /* FirebaseInstallations */; };
		037ABFE72ABF752800EFD475 /* FirebaseMLModelDownloader in Frameworks */ = {isa = PBXBuildFile; productRef = 037ABFE62ABF752800EFD475 /* FirebaseMLModelDownloader */; };
		037ABFE92ABF752800EFD475 /* FirebaseMessaging in Frameworks */ = {isa = PBXBuildFile; productRef = 037ABFE82ABF752800EFD475 /* FirebaseMessaging */; };
		037ABFEB2ABF752800EFD475 /* FirebasePerformance in Frameworks */ = {isa = PBXBuildFile; productRef = 037ABFEA2ABF752800EFD475 /* FirebasePerformance */; };
		037ABFED2ABF752800EFD475 /* FirebaseRemoteConfig in Frameworks */ = {isa = PBXBuildFile; productRef = 037ABFEC2ABF752800EFD475 /* FirebaseRemoteConfig */; };
		037ABFEF2ABF752800EFD475 /* FirebaseRemoteConfigSwift in Frameworks */ = {isa = PBXBuildFile; productRef = 037ABFEE2ABF752800EFD475 /* FirebaseRemoteConfigSwift */; };
		037ABFF12ABF752800EFD475 /* FirebaseStorage in Frameworks */ = {isa = PBXBuildFile; productRef = 037ABFF02ABF752800EFD475 /* FirebaseStorage */; };
		037ABFF32ABF752800EFD475 /* FirebaseStorageCombine-Community in Frameworks */ = {isa = PBXBuildFile; productRef = 037ABFF22ABF752800EFD475 /* FirebaseStorageCombine-Community */; };
		C4193BEA2ABF539B000D1E3F /* Register.swift in Sources */ = {isa = PBXBuildFile; fileRef = C4193BE92ABF539B000D1E3F /* Register.swift */; };
		C4193BED2ABF56D2000D1E3F /* Color.swift in Sources */ = {isa = PBXBuildFile; fileRef = C4193BEC2ABF56D2000D1E3F /* Color.swift */; };
		C4193BF92ABF60DA000D1E3F /* Note.swift in Sources */ = {isa = PBXBuildFile; fileRef = C4193BF82ABF60DA000D1E3F /* Note.swift */; };
		C44DBC8C2ABBD83D00554EB0 /* AppNotasApp.swift in Sources */ = {isa = PBXBuildFile; fileRef = C44DBC8B2ABBD83D00554EB0 /* AppNotasApp.swift */; };
		C44DBC8E2ABBD83D00554EB0 /* Login.swift in Sources */ = {isa = PBXBuildFile; fileRef = C44DBC8D2ABBD83D00554EB0 /* Login.swift */; };
		C44DBC902ABBD83F00554EB0 /* Assets.xcassets in Resources */ = {isa = PBXBuildFile; fileRef = C44DBC8F2ABBD83F00554EB0 /* Assets.xcassets */; };
		C44DBC932ABBD83F00554EB0 /* Preview Assets.xcassets in Resources */ = {isa = PBXBuildFile; fileRef = C44DBC922ABBD83F00554EB0 /* Preview Assets.xcassets */; };
/* End PBXBuildFile section */

/* Begin PBXFileReference section */
		037ABFBD2ABF749600EFD475 /* GoogleService-Info.plist */ = {isa = PBXFileReference; fileEncoding = 4; lastKnownFileType = text.plist.xml; path = "GoogleService-Info.plist"; sourceTree = "<group>"; };
		C4193BE92ABF539B000D1E3F /* Register.swift */ = {isa = PBXFileReference; lastKnownFileType = sourcecode.swift; path = Register.swift; sourceTree = "<group>"; };
		C4193BEC2ABF56D2000D1E3F /* Color.swift */ = {isa = PBXFileReference; lastKnownFileType = sourcecode.swift; path = Color.swift; sourceTree = "<group>"; };
		C4193BF82ABF60DA000D1E3F /* Note.swift */ = {isa = PBXFileReference; lastKnownFileType = sourcecode.swift; path = Note.swift; sourceTree = "<group>"; };
		C44DBC882ABBD83D00554EB0 /* AppNotas.app */ = {isa = PBXFileReference; explicitFileType = wrapper.application; includeInIndex = 0; path = AppNotas.app; sourceTree = BUILT_PRODUCTS_DIR; };
		C44DBC8B2ABBD83D00554EB0 /* AppNotasApp.swift */ = {isa = PBXFileReference; lastKnownFileType = sourcecode.swift; path = AppNotasApp.swift; sourceTree = "<group>"; };
		C44DBC8D2ABBD83D00554EB0 /* Login.swift */ = {isa = PBXFileReference; lastKnownFileType = sourcecode.swift; path = Login.swift; sourceTree = "<group>"; };
		C44DBC8F2ABBD83F00554EB0 /* Assets.xcassets */ = {isa = PBXFileReference; lastKnownFileType = folder.assetcatalog; path = Assets.xcassets; sourceTree = "<group>"; };
		C44DBC922ABBD83F00554EB0 /* Preview Assets.xcassets */ = {isa = PBXFileReference; lastKnownFileType = folder.assetcatalog; path = "Preview Assets.xcassets"; sourceTree = "<group>"; };
/* End PBXFileReference section */

/* Begin PBXFrameworksBuildPhase section */
		C44DBC852ABBD83D00554EB0 /* Frameworks */ = {
			isa = PBXFrameworksBuildPhase;
			buildActionMask = 2147483647;
			files = (
				037ABFEB2ABF752800EFD475 /* FirebasePerformance in Frameworks */,
				037ABFD32ABF752800EFD475 /* FirebaseDatabase in Frameworks */,
				037ABFE12ABF752800EFD475 /* FirebaseFunctionsCombine-Community in Frameworks */,
				037ABFF12ABF752800EFD475 /* FirebaseStorage in Frameworks */,
				037ABFD92ABF752800EFD475 /* FirebaseFirestore in Frameworks */,
				037ABFC52ABF752800EFD475 /* FirebaseAnalyticsSwift in Frameworks */,
				037ABFC12ABF752800EFD475 /* FirebaseAnalytics in Frameworks */,
				037ABFC32ABF752800EFD475 /* FirebaseAnalyticsOnDeviceConversion in Frameworks */,
				037ABFDD2ABF752800EFD475 /* FirebaseFirestoreSwift in Frameworks */,
				037ABFE72ABF752800EFD475 /* FirebaseMLModelDownloader in Frameworks */,
				037ABFEF2ABF752800EFD475 /* FirebaseRemoteConfigSwift in Frameworks */,
				037ABFC92ABF752800EFD475 /* FirebaseAppCheck in Frameworks */,
				037ABFE92ABF752800EFD475 /* FirebaseMessaging in Frameworks */,
				037ABFE52ABF752800EFD475 /* FirebaseInstallations in Frameworks */,
				037ABFC72ABF752800EFD475 /* FirebaseAnalyticsWithoutAdIdSupport in Frameworks */,
				037ABFCD2ABF752800EFD475 /* FirebaseAuth in Frameworks */,
				037ABFF32ABF752800EFD475 /* FirebaseStorageCombine-Community in Frameworks */,
				037ABFD12ABF752800EFD475 /* FirebaseCrashlytics in Frameworks */,
				037ABFD52ABF752800EFD475 /* FirebaseDatabaseSwift in Frameworks */,
				037ABFDF2ABF752800EFD475 /* FirebaseFunctions in Frameworks */,
				037ABFCB2ABF752800EFD475 /* FirebaseAppDistribution-Beta in Frameworks */,
				037ABFED2ABF752800EFD475 /* FirebaseRemoteConfig in Frameworks */,
				037ABFCF2ABF752800EFD475 /* FirebaseAuthCombine-Community in Frameworks */,
				037ABFD72ABF752800EFD475 /* FirebaseDynamicLinks in Frameworks */,
				037ABFE32ABF752800EFD475 /* FirebaseInAppMessagingSwift-Beta in Frameworks */,
				037ABFDB2ABF752800EFD475 /* FirebaseFirestoreCombine-Community in Frameworks */,
			);
			runOnlyForDeploymentPostprocessing = 0;
		};
/* End PBXFrameworksBuildPhase section */

/* Begin PBXGroup section */
		C4193BE22ABDE281000D1E3F /* Login */ = {
			isa = PBXGroup;
			children = (
				C44DBC8D2ABBD83D00554EB0 /* Login.swift */,
			);
			path = Login;
			sourceTree = "<group>";
		};
		C4193BEB2ABF5684000D1E3F /* Utils */ = {
			isa = PBXGroup;
			children = (
				C4193BEC2ABF56D2000D1E3F /* Color.swift */,
			);
			path = Utils;
			sourceTree = "<group>";
		};
		C4193BF72ABF60C7000D1E3F /* Model */ = {
			isa = PBXGroup;
			children = (
				C4193BF82ABF60DA000D1E3F /* Note.swift */,
			);
			path = Model;
			sourceTree = "<group>";
		};
		C44DBC7F2ABBD83D00554EB0 = {
			isa = PBXGroup;
			children = (
				C44DBC8A2ABBD83D00554EB0 /* AppNotas */,
				C44DBC892ABBD83D00554EB0 /* Products */,
			);
			sourceTree = "<group>";
		};
		C44DBC892ABBD83D00554EB0 /* Products */ = {
			isa = PBXGroup;
			children = (
				C44DBC882ABBD83D00554EB0 /* AppNotas.app */,
			);
			name = Products;
			sourceTree = "<group>";
		};
		C44DBC8A2ABBD83D00554EB0 /* AppNotas */ = {
			isa = PBXGroup;
			children = (
				C4193BF72ABF60C7000D1E3F /* Model */,
				C4193BEB2ABF5684000D1E3F /* Utils */,
				C4193BE22ABDE281000D1E3F /* Login */,
				C4193BE92ABF539B000D1E3F /* Register.swift */,
				C44DBC8B2ABBD83D00554EB0 /* AppNotasApp.swift */,
				C44DBC8F2ABBD83F00554EB0 /* Assets.xcassets */,
				037ABFBD2ABF749600EFD475 /* GoogleService-Info.plist */,
				C44DBC912ABBD83F00554EB0 /* Preview Content */,
			);
			path = AppNotas;
			sourceTree = "<group>";
		};
		C44DBC912ABBD83F00554EB0 /* Preview Content */ = {
			isa = PBXGroup;
			children = (
				C44DBC922ABBD83F00554EB0 /* Preview Assets.xcassets */,
			);
			path = "Preview Content";
			sourceTree = "<group>";
		};
/* End PBXGroup section */

/* Begin PBXNativeTarget section */
		C44DBC872ABBD83D00554EB0 /* AppNotas */ = {
			isa = PBXNativeTarget;
			buildConfigurationList = C44DBC962ABBD83F00554EB0 /* Build configuration list for PBXNativeTarget "AppNotas" */;
			buildPhases = (
				C44DBC842ABBD83D00554EB0 /* Sources */,
				C44DBC852ABBD83D00554EB0 /* Frameworks */,
				C44DBC862ABBD83D00554EB0 /* Resources */,
			);
			buildRules = (
			);
			dependencies = (
			);
			name = AppNotas;
			packageProductDependencies = (
				037ABFC02ABF752800EFD475 /* FirebaseAnalytics */,
				037ABFC22ABF752800EFD475 /* FirebaseAnalyticsOnDeviceConversion */,
				037ABFC42ABF752800EFD475 /* FirebaseAnalyticsSwift */,
				037ABFC62ABF752800EFD475 /* FirebaseAnalyticsWithoutAdIdSupport */,
				037ABFC82ABF752800EFD475 /* FirebaseAppCheck */,
				037ABFCA2ABF752800EFD475 /* FirebaseAppDistribution-Beta */,
				037ABFCC2ABF752800EFD475 /* FirebaseAuth */,
				037ABFCE2ABF752800EFD475 /* FirebaseAuthCombine-Community */,
				037ABFD02ABF752800EFD475 /* FirebaseCrashlytics */,
				037ABFD22ABF752800EFD475 /* FirebaseDatabase */,
				037ABFD42ABF752800EFD475 /* FirebaseDatabaseSwift */,
				037ABFD62ABF752800EFD475 /* FirebaseDynamicLinks */,
				037ABFD82ABF752800EFD475 /* FirebaseFirestore */,
				037ABFDA2ABF752800EFD475 /* FirebaseFirestoreCombine-Community */,
				037ABFDC2ABF752800EFD475 /* FirebaseFirestoreSwift */,
				037ABFDE2ABF752800EFD475 /* FirebaseFunctions */,
				037ABFE02ABF752800EFD475 /* FirebaseFunctionsCombine-Community */,
				037ABFE22ABF752800EFD475 /* FirebaseInAppMessagingSwift-Beta */,
				037ABFE42ABF752800EFD475 /* FirebaseInstallations */,
				037ABFE62ABF752800EFD475 /* FirebaseMLModelDownloader */,
				037ABFE82ABF752800EFD475 /* FirebaseMessaging */,
				037ABFEA2ABF752800EFD475 /* FirebasePerformance */,
				037ABFEC2ABF752800EFD475 /* FirebaseRemoteConfig */,
				037ABFEE2ABF752800EFD475 /* FirebaseRemoteConfigSwift */,
				037ABFF02ABF752800EFD475 /* FirebaseStorage */,
				037ABFF22ABF752800EFD475 /* FirebaseStorageCombine-Community */,
			);
			productName = AppNotas;
			productReference = C44DBC882ABBD83D00554EB0 /* AppNotas.app */;
			productType = "com.apple.product-type.application";
		};
/* End PBXNativeTarget section */

/* Begin PBXProject section */
		C44DBC802ABBD83D00554EB0 /* Project object */ = {
			isa = PBXProject;
			attributes = {
				BuildIndependentTargetsInParallel = 1;
				LastSwiftUpdateCheck = 1430;
				LastUpgradeCheck = 1430;
				TargetAttributes = {
					C44DBC872ABBD83D00554EB0 = {
						CreatedOnToolsVersion = 14.3.1;
					};
				};
			};
			buildConfigurationList = C44DBC832ABBD83D00554EB0 /* Build configuration list for PBXProject "AppNotas" */;
			compatibilityVersion = "Xcode 14.0";
			developmentRegion = en;
			hasScannedForEncodings = 0;
			knownRegions = (
				en,
				Base,
			);
			mainGroup = C44DBC7F2ABBD83D00554EB0;
			packageReferences = (
				037ABFBF2ABF752700EFD475 /* XCRemoteSwiftPackageReference "firebase-ios-sdk" */,
			);
			productRefGroup = C44DBC892ABBD83D00554EB0 /* Products */;
			projectDirPath = "";
			projectRoot = "";
			targets = (
				C44DBC872ABBD83D00554EB0 /* AppNotas */,
			);
		};
/* End PBXProject section */

/* Begin PBXResourcesBuildPhase section */
		C44DBC862ABBD83D00554EB0 /* Resources */ = {
			isa = PBXResourcesBuildPhase;
			buildActionMask = 2147483647;
			files = (
				037ABFBE2ABF749600EFD475 /* GoogleService-Info.plist in Resources */,
				C44DBC932ABBD83F00554EB0 /* Preview Assets.xcassets in Resources */,
				C44DBC902ABBD83F00554EB0 /* Assets.xcassets in Resources */,
			);
			runOnlyForDeploymentPostprocessing = 0;
		};
/* End PBXResourcesBuildPhase section */

/* Begin PBXSourcesBuildPhase section */
		C44DBC842ABBD83D00554EB0 /* Sources */ = {
			isa = PBXSourcesBuildPhase;
			buildActionMask = 2147483647;
			files = (
				C4193BF92ABF60DA000D1E3F /* Note.swift in Sources */,
				C4193BEA2ABF539B000D1E3F /* Register.swift in Sources */,
				C4193BED2ABF56D2000D1E3F /* Color.swift in Sources */,
				C44DBC8E2ABBD83D00554EB0 /* Login.swift in Sources */,
				C44DBC8C2ABBD83D00554EB0 /* AppNotasApp.swift in Sources */,
			);
			runOnlyForDeploymentPostprocessing = 0;
		};
/* End PBXSourcesBuildPhase section */

/* Begin XCBuildConfiguration section */
		C44DBC942ABBD83F00554EB0 /* Debug */ = {
			isa = XCBuildConfiguration;
			buildSettings = {
				ALWAYS_SEARCH_USER_PATHS = NO;
				CLANG_ANALYZER_NONNULL = YES;
				CLANG_ANALYZER_NUMBER_OBJECT_CONVERSION = YES_AGGRESSIVE;
				CLANG_CXX_LANGUAGE_STANDARD = "gnu++20";
				CLANG_ENABLE_MODULES = YES;
				CLANG_ENABLE_OBJC_ARC = YES;
				CLANG_ENABLE_OBJC_WEAK = YES;
				CLANG_WARN_BLOCK_CAPTURE_AUTORELEASING = YES;
				CLANG_WARN_BOOL_CONVERSION = YES;
				CLANG_WARN_COMMA = YES;
				CLANG_WARN_CONSTANT_CONVERSION = YES;
				CLANG_WARN_DEPRECATED_OBJC_IMPLEMENTATIONS = YES;
				CLANG_WARN_DIRECT_OBJC_ISA_USAGE = YES_ERROR;
				CLANG_WARN_DOCUMENTATION_COMMENTS = YES;
				CLANG_WARN_EMPTY_BODY = YES;
				CLANG_WARN_ENUM_CONVERSION = YES;
				CLANG_WARN_INFINITE_RECURSION = YES;
				CLANG_WARN_INT_CONVERSION = YES;
				CLANG_WARN_NON_LITERAL_NULL_CONVERSION = YES;
				CLANG_WARN_OBJC_IMPLICIT_RETAIN_SELF = YES;
				CLANG_WARN_OBJC_LITERAL_CONVERSION = YES;
				CLANG_WARN_OBJC_ROOT_CLASS = YES_ERROR;
				CLANG_WARN_QUOTED_INCLUDE_IN_FRAMEWORK_HEADER = YES;
				CLANG_WARN_RANGE_LOOP_ANALYSIS = YES;
				CLANG_WARN_STRICT_PROTOTYPES = YES;
				CLANG_WARN_SUSPICIOUS_MOVE = YES;
				CLANG_WARN_UNGUARDED_AVAILABILITY = YES_AGGRESSIVE;
				CLANG_WARN_UNREACHABLE_CODE = YES;
				CLANG_WARN__DUPLICATE_METHOD_MATCH = YES;
				COPY_PHASE_STRIP = NO;
				DEBUG_INFORMATION_FORMAT = dwarf;
				ENABLE_STRICT_OBJC_MSGSEND = YES;
				ENABLE_TESTABILITY = YES;
				GCC_C_LANGUAGE_STANDARD = gnu11;
				GCC_DYNAMIC_NO_PIC = NO;
				GCC_NO_COMMON_BLOCKS = YES;
				GCC_OPTIMIZATION_LEVEL = 0;
				GCC_PREPROCESSOR_DEFINITIONS = (
					"DEBUG=1",
					"$(inherited)",
				);
				GCC_WARN_64_TO_32_BIT_CONVERSION = YES;
				GCC_WARN_ABOUT_RETURN_TYPE = YES_ERROR;
				GCC_WARN_UNDECLARED_SELECTOR = YES;
				GCC_WARN_UNINITIALIZED_AUTOS = YES_AGGRESSIVE;
				GCC_WARN_UNUSED_FUNCTION = YES;
				GCC_WARN_UNUSED_VARIABLE = YES;
				IPHONEOS_DEPLOYMENT_TARGET = 16.4;
				MTL_ENABLE_DEBUG_INFO = INCLUDE_SOURCE;
				MTL_FAST_MATH = YES;
				ONLY_ACTIVE_ARCH = YES;
				SDKROOT = iphoneos;
				SWIFT_ACTIVE_COMPILATION_CONDITIONS = DEBUG;
				SWIFT_OPTIMIZATION_LEVEL = "-Onone";
			};
			name = Debug;
		};
		C44DBC952ABBD83F00554EB0 /* Release */ = {
			isa = XCBuildConfiguration;
			buildSettings = {
				ALWAYS_SEARCH_USER_PATHS = NO;
				CLANG_ANALYZER_NONNULL = YES;
				CLANG_ANALYZER_NUMBER_OBJECT_CONVERSION = YES_AGGRESSIVE;
				CLANG_CXX_LANGUAGE_STANDARD = "gnu++20";
				CLANG_ENABLE_MODULES = YES;
				CLANG_ENABLE_OBJC_ARC = YES;
				CLANG_ENABLE_OBJC_WEAK = YES;
				CLANG_WARN_BLOCK_CAPTURE_AUTORELEASING = YES;
				CLANG_WARN_BOOL_CONVERSION = YES;
				CLANG_WARN_COMMA = YES;
				CLANG_WARN_CONSTANT_CONVERSION = YES;
				CLANG_WARN_DEPRECATED_OBJC_IMPLEMENTATIONS = YES;
				CLANG_WARN_DIRECT_OBJC_ISA_USAGE = YES_ERROR;
				CLANG_WARN_DOCUMENTATION_COMMENTS = YES;
				CLANG_WARN_EMPTY_BODY = YES;
				CLANG_WARN_ENUM_CONVERSION = YES;
				CLANG_WARN_INFINITE_RECURSION = YES;
				CLANG_WARN_INT_CONVERSION = YES;
				CLANG_WARN_NON_LITERAL_NULL_CONVERSION = YES;
				CLANG_WARN_OBJC_IMPLICIT_RETAIN_SELF = YES;
				CLANG_WARN_OBJC_LITERAL_CONVERSION = YES;
				CLANG_WARN_OBJC_ROOT_CLASS = YES_ERROR;
				CLANG_WARN_QUOTED_INCLUDE_IN_FRAMEWORK_HEADER = YES;
				CLANG_WARN_RANGE_LOOP_ANALYSIS = YES;
				CLANG_WARN_STRICT_PROTOTYPES = YES;
				CLANG_WARN_SUSPICIOUS_MOVE = YES;
				CLANG_WARN_UNGUARDED_AVAILABILITY = YES_AGGRESSIVE;
				CLANG_WARN_UNREACHABLE_CODE = YES;
				CLANG_WARN__DUPLICATE_METHOD_MATCH = YES;
				COPY_PHASE_STRIP = NO;
				DEBUG_INFORMATION_FORMAT = "dwarf-with-dsym";
				ENABLE_NS_ASSERTIONS = NO;
				ENABLE_STRICT_OBJC_MSGSEND = YES;
				GCC_C_LANGUAGE_STANDARD = gnu11;
				GCC_NO_COMMON_BLOCKS = YES;
				GCC_WARN_64_TO_32_BIT_CONVERSION = YES;
				GCC_WARN_ABOUT_RETURN_TYPE = YES_ERROR;
				GCC_WARN_UNDECLARED_SELECTOR = YES;
				GCC_WARN_UNINITIALIZED_AUTOS = YES_AGGRESSIVE;
				GCC_WARN_UNUSED_FUNCTION = YES;
				GCC_WARN_UNUSED_VARIABLE = YES;
				IPHONEOS_DEPLOYMENT_TARGET = 16.4;
				MTL_ENABLE_DEBUG_INFO = NO;
				MTL_FAST_MATH = YES;
				SDKROOT = iphoneos;
				SWIFT_COMPILATION_MODE = wholemodule;
				SWIFT_OPTIMIZATION_LEVEL = "-O";
				VALIDATE_PRODUCT = YES;
			};
			name = Release;
		};
		C44DBC972ABBD83F00554EB0 /* Debug */ = {
			isa = XCBuildConfiguration;
			buildSettings = {
				ASSETCATALOG_COMPILER_APPICON_NAME = AppIcon;
				ASSETCATALOG_COMPILER_GLOBAL_ACCENT_COLOR_NAME = AccentColor;
				CODE_SIGN_STYLE = Automatic;
				CURRENT_PROJECT_VERSION = 1;
				DEVELOPMENT_ASSET_PATHS = "\"AppNotas/Preview Content\"";
				ENABLE_PREVIEWS = YES;
				GENERATE_INFOPLIST_FILE = YES;
				INFOPLIST_KEY_UIApplicationSceneManifest_Generation = YES;
				INFOPLIST_KEY_UIApplicationSupportsIndirectInputEvents = YES;
				INFOPLIST_KEY_UILaunchScreen_Generation = YES;
				INFOPLIST_KEY_UISupportedInterfaceOrientations_iPad = "UIInterfaceOrientationPortrait UIInterfaceOrientationPortraitUpsideDown UIInterfaceOrientationLandscapeLeft UIInterfaceOrientationLandscapeRight";
				INFOPLIST_KEY_UISupportedInterfaceOrientations_iPhone = "UIInterfaceOrientationPortrait UIInterfaceOrientationLandscapeLeft UIInterfaceOrientationLandscapeRight";
				LD_RUNPATH_SEARCH_PATHS = (
					"$(inherited)",
					"@executable_path/Frameworks",
				);
				MARKETING_VERSION = 1.0;
				PRODUCT_BUNDLE_IDENTIFIER = GabrielMors.AppNotas;
				PRODUCT_NAME = "$(TARGET_NAME)";
				SWIFT_EMIT_LOC_STRINGS = YES;
				SWIFT_VERSION = 5.0;
				TARGETED_DEVICE_FAMILY = "1,2";
			};
			name = Debug;
		};
		C44DBC982ABBD83F00554EB0 /* Release */ = {
			isa = XCBuildConfiguration;
			buildSettings = {
				ASSETCATALOG_COMPILER_APPICON_NAME = AppIcon;
				ASSETCATALOG_COMPILER_GLOBAL_ACCENT_COLOR_NAME = AccentColor;
				CODE_SIGN_STYLE = Automatic;
				CURRENT_PROJECT_VERSION = 1;
				DEVELOPMENT_ASSET_PATHS = "\"AppNotas/Preview Content\"";
				ENABLE_PREVIEWS = YES;
				GENERATE_INFOPLIST_FILE = YES;
				INFOPLIST_KEY_UIApplicationSceneManifest_Generation = YES;
				INFOPLIST_KEY_UIApplicationSupportsIndirectInputEvents = YES;
				INFOPLIST_KEY_UILaunchScreen_Generation = YES;
				INFOPLIST_KEY_UISupportedInterfaceOrientations_iPad = "UIInterfaceOrientationPortrait UIInterfaceOrientationPortraitUpsideDown UIInterfaceOrientationLandscapeLeft UIInterfaceOrientationLandscapeRight";
				INFOPLIST_KEY_UISupportedInterfaceOrientations_iPhone = "UIInterfaceOrientationPortrait UIInterfaceOrientationLandscapeLeft UIInterfaceOrientationLandscapeRight";
				LD_RUNPATH_SEARCH_PATHS = (
					"$(inherited)",
					"@executable_path/Frameworks",
				);
				MARKETING_VERSION = 1.0;
				PRODUCT_BUNDLE_IDENTIFIER = GabrielMors.AppNotas;
				PRODUCT_NAME = "$(TARGET_NAME)";
				SWIFT_EMIT_LOC_STRINGS = YES;
				SWIFT_VERSION = 5.0;
				TARGETED_DEVICE_FAMILY = "1,2";
			};
			name = Release;
		};
/* End XCBuildConfiguration section */

/* Begin XCConfigurationList section */
		C44DBC832ABBD83D00554EB0 /* Build configuration list for PBXProject "AppNotas" */ = {
			isa = XCConfigurationList;
			buildConfigurations = (
				C44DBC942ABBD83F00554EB0 /* Debug */,
				C44DBC952ABBD83F00554EB0 /* Release */,
			);
			defaultConfigurationIsVisible = 0;
			defaultConfigurationName = Release;
		};
		C44DBC962ABBD83F00554EB0 /* Build configuration list for PBXNativeTarget "AppNotas" */ = {
			isa = XCConfigurationList;
			buildConfigurations = (
				C44DBC972ABBD83F00554EB0 /* Debug */,
				C44DBC982ABBD83F00554EB0 /* Release */,
			);
			defaultConfigurationIsVisible = 0;
			defaultConfigurationName = Release;
		};
/* End XCConfigurationList section */

/* Begin XCRemoteSwiftPackageReference section */
		037ABFBF2ABF752700EFD475 /* XCRemoteSwiftPackageReference "firebase-ios-sdk" */ = {
			isa = XCRemoteSwiftPackageReference;
			repositoryURL = "https://github.com/firebase/firebase-ios-sdk";
			requirement = {
				kind = upToNextMajorVersion;
				minimumVersion = 10.0.0;
			};
		};
/* End XCRemoteSwiftPackageReference section */

/* Begin XCSwiftPackageProductDependency section */
		037ABFC02ABF752800EFD475 /* FirebaseAnalytics */ = {
			isa = XCSwiftPackageProductDependency;
			package = 037ABFBF2ABF752700EFD475 /* XCRemoteSwiftPackageReference "firebase-ios-sdk" */;
			productName = FirebaseAnalytics;
		};
		037ABFC22ABF752800EFD475 /* FirebaseAnalyticsOnDeviceConversion */ = {
			isa = XCSwiftPackageProductDependency;
			package = 037ABFBF2ABF752700EFD475 /* XCRemoteSwiftPackageReference "firebase-ios-sdk" */;
			productName = FirebaseAnalyticsOnDeviceConversion;
		};
		037ABFC42ABF752800EFD475 /* FirebaseAnalyticsSwift */ = {
			isa = XCSwiftPackageProductDependency;
			package = 037ABFBF2ABF752700EFD475 /* XCRemoteSwiftPackageReference "firebase-ios-sdk" */;
			productName = FirebaseAnalyticsSwift;
		};
		037ABFC62ABF752800EFD475 /* FirebaseAnalyticsWithoutAdIdSupport */ = {
			isa = XCSwiftPackageProductDependency;
			package = 037ABFBF2ABF752700EFD475 /* XCRemoteSwiftPackageReference "firebase-ios-sdk" */;
			productName = FirebaseAnalyticsWithoutAdIdSupport;
		};
		037ABFC82ABF752800EFD475 /* FirebaseAppCheck */ = {
			isa = XCSwiftPackageProductDependency;
			package = 037ABFBF2ABF752700EFD475 /* XCRemoteSwiftPackageReference "firebase-ios-sdk" */;
			productName = FirebaseAppCheck;
		};
		037ABFCA2ABF752800EFD475 /* FirebaseAppDistribution-Beta */ = {
			isa = XCSwiftPackageProductDependency;
			package = 037ABFBF2ABF752700EFD475 /* XCRemoteSwiftPackageReference "firebase-ios-sdk" */;
			productName = "FirebaseAppDistribution-Beta";
		};
		037ABFCC2ABF752800EFD475 /* FirebaseAuth */ = {
			isa = XCSwiftPackageProductDependency;
			package = 037ABFBF2ABF752700EFD475 /* XCRemoteSwiftPackageReference "firebase-ios-sdk" */;
			productName = FirebaseAuth;
		};
		037ABFCE2ABF752800EFD475 /* FirebaseAuthCombine-Community */ = {
			isa = XCSwiftPackageProductDependency;
			package = 037ABFBF2ABF752700EFD475 /* XCRemoteSwiftPackageReference "firebase-ios-sdk" */;
			productName = "FirebaseAuthCombine-Community";
		};
		037ABFD02ABF752800EFD475 /* FirebaseCrashlytics */ = {
			isa = XCSwiftPackageProductDependency;
			package = 037ABFBF2ABF752700EFD475 /* XCRemoteSwiftPackageReference "firebase-ios-sdk" */;
			productName = FirebaseCrashlytics;
		};
		037ABFD22ABF752800EFD475 /* FirebaseDatabase */ = {
			isa = XCSwiftPackageProductDependency;
			package = 037ABFBF2ABF752700EFD475 /* XCRemoteSwiftPackageReference "firebase-ios-sdk" */;
			productName = FirebaseDatabase;
		};
		037ABFD42ABF752800EFD475 /* FirebaseDatabaseSwift */ = {
			isa = XCSwiftPackageProductDependency;
			package = 037ABFBF2ABF752700EFD475 /* XCRemoteSwiftPackageReference "firebase-ios-sdk" */;
			productName = FirebaseDatabaseSwift;
		};
		037ABFD62ABF752800EFD475 /* FirebaseDynamicLinks */ = {
			isa = XCSwiftPackageProductDependency;
			package = 037ABFBF2ABF752700EFD475 /* XCRemoteSwiftPackageReference "firebase-ios-sdk" */;
			productName = FirebaseDynamicLinks;
		};
		037ABFD82ABF752800EFD475 /* FirebaseFirestore */ = {
			isa = XCSwiftPackageProductDependency;
			package = 037ABFBF2ABF752700EFD475 /* XCRemoteSwiftPackageReference "firebase-ios-sdk" */;
			productName = FirebaseFirestore;
		};
		037ABFDA2ABF752800EFD475 /* FirebaseFirestoreCombine-Community */ = {
			isa = XCSwiftPackageProductDependency;
			package = 037ABFBF2ABF752700EFD475 /* XCRemoteSwiftPackageReference "firebase-ios-sdk" */;
			productName = "FirebaseFirestoreCombine-Community";
		};
		037ABFDC2ABF752800EFD475 /* FirebaseFirestoreSwift */ = {
			isa = XCSwiftPackageProductDependency;
			package = 037ABFBF2ABF752700EFD475 /* XCRemoteSwiftPackageReference "firebase-ios-sdk" */;
			productName = FirebaseFirestoreSwift;
		};
		037ABFDE2ABF752800EFD475 /* FirebaseFunctions */ = {
			isa = XCSwiftPackageProductDependency;
			package = 037ABFBF2ABF752700EFD475 /* XCRemoteSwiftPackageReference "firebase-ios-sdk" */;
			productName = FirebaseFunctions;
		};
		037ABFE02ABF752800EFD475 /* FirebaseFunctionsCombine-Community */ = {
			isa = XCSwiftPackageProductDependency;
			package = 037ABFBF2ABF752700EFD475 /* XCRemoteSwiftPackageReference "firebase-ios-sdk" */;
			productName = "FirebaseFunctionsCombine-Community";
		};
		037ABFE22ABF752800EFD475 /* FirebaseInAppMessagingSwift-Beta */ = {
			isa = XCSwiftPackageProductDependency;
			package = 037ABFBF2ABF752700EFD475 /* XCRemoteSwiftPackageReference "firebase-ios-sdk" */;
			productName = "FirebaseInAppMessagingSwift-Beta";
		};
		037ABFE42ABF752800EFD475 /* FirebaseInstallations */ = {
			isa = XCSwiftPackageProductDependency;
			package = 037ABFBF2ABF752700EFD475 /* XCRemoteSwiftPackageReference "firebase-ios-sdk" */;
			productName = FirebaseInstallations;
		};
		037ABFE62ABF752800EFD475 /* FirebaseMLModelDownloader */ = {
			isa = XCSwiftPackageProductDependency;
			package = 037ABFBF2ABF752700EFD475 /* XCRemoteSwiftPackageReference "firebase-ios-sdk" */;
			productName = FirebaseMLModelDownloader;
		};
		037ABFE82ABF752800EFD475 /* FirebaseMessaging */ = {
			isa = XCSwiftPackageProductDependency;
			package = 037ABFBF2ABF752700EFD475 /* XCRemoteSwiftPackageReference "firebase-ios-sdk" */;
			productName = FirebaseMessaging;
		};
		037ABFEA2ABF752800EFD475 /* FirebasePerformance */ = {
			isa = XCSwiftPackageProductDependency;
			package = 037ABFBF2ABF752700EFD475 /* XCRemoteSwiftPackageReference "firebase-ios-sdk" */;
			productName = FirebasePerformance;
		};
		037ABFEC2ABF752800EFD475 /* FirebaseRemoteConfig */ = {
			isa = XCSwiftPackageProductDependency;
			package = 037ABFBF2ABF752700EFD475 /* XCRemoteSwiftPackageReference "firebase-ios-sdk" */;
			productName = FirebaseRemoteConfig;
		};
		037ABFEE2ABF752800EFD475 /* FirebaseRemoteConfigSwift */ = {
			isa = XCSwiftPackageProductDependency;
			package = 037ABFBF2ABF752700EFD475 /* XCRemoteSwiftPackageReference "firebase-ios-sdk" */;
			productName = FirebaseRemoteConfigSwift;
		};
		037ABFF02ABF752800EFD475 /* FirebaseStorage */ = {
			isa = XCSwiftPackageProductDependency;
			package = 037ABFBF2ABF752700EFD475 /* XCRemoteSwiftPackageReference "firebase-ios-sdk" */;
			productName = FirebaseStorage;
		};
		037ABFF22ABF752800EFD475 /* FirebaseStorageCombine-Community */ = {
			isa = XCSwiftPackageProductDependency;
			package = 037ABFBF2ABF752700EFD475 /* XCRemoteSwiftPackageReference "firebase-ios-sdk" */;
			productName = "FirebaseStorageCombine-Community";
		};
/* End XCSwiftPackageProductDependency section */
	};
	rootObject = C44DBC802ABBD83D00554EB0 /* Project object */;
}
